
Microsoft Visual Studio Solution File, Format Version 12.00
# Visual Studio Version 17
VisualStudioVersion = 17.7.34221.43
MinimumVisualStudioVersion = 10.0.40219.1
Project("{FAE04EC0-301F-11D3-BF4B-00C04F79EFBC}") = "DentalAppointment", "DentalAppointment.csproj", "{D10848F8-B3BB-454E-91D4-FDFC4B7D6370}"
EndProject
Global
	GlobalSection(SolutionConfigurationPlatforms) = preSolution
		Debug|Any CPU = Debug|Any CPU
		Release|Any CPU = Release|Any CPU
	EndGlobalSection
	GlobalSection(ProjectConfigurationPlatforms) = postSolution
		{D10848F8-B3BB-454E-91D4-FDFC4B7D6370}.Debug|Any CPU.ActiveCfg = Debug|Any CPU
		{D10848F8-B3BB-454E-91D4-FDFC4B7D6370}.Debug|Any CPU.Build.0 = Debug|Any CPU
		{D10848F8-B3BB-454E-91D4-FDFC4B7D6370}.Release|Any CPU.ActiveCfg = Release|Any CPU
		{D10848F8-B3BB-454E-91D4-FDFC4B7D6370}.Release|Any CPU.Build.0 = Release|Any CPU
	EndGlobalSection
	GlobalSection(SolutionProperties) = preSolution
		HideSolutionNode = FALSE
	EndGlobalSection
	GlobalSection(ExtensibilityGlobals) = postSolution
		SolutionGuid = {E7A75342-3078-4B2B-83A2-CA8E7150F4C2}
	EndGlobalSection
EndGlobal
